
Microsoft Visual Studio Solution File, Format Version 12.00
# Visual Studio Version 16
VisualStudioVersion = 16.0.30717.126
MinimumVisualStudioVersion = 10.0.40219.1
Project("{8BC9CEB8-8B4A-11D0-8D11-00A0C91BC942}") = "GuidedHacking", "GuidedHacking\GuidedHacking.vcxproj", "{ECC9F67F-A5B1-4DEA-A4AD-001DDA59755E}"
EndProject
Global
	GlobalSection(SolutionConfigurationPlatforms) = preSolution
		Debug|ARM = Debug|ARM
		Debug|ARM64 = Debug|ARM64
		Debug|x64 = Debug|x64
		Debug|x86 = Debug|x86
		Release|ARM = Release|ARM
		Release|ARM64 = Release|ARM64
		Release|x64 = Release|x64
		Release|x86 = Release|x86
	EndGlobalSection
	GlobalSection(ProjectConfigurationPlatforms) = postSolution
		{ECC9F67F-A5B1-4DEA-A4AD-001DDA59755E}.Debug|ARM.ActiveCfg = Debug|ARM
		{ECC9F67F-A5B1-4DEA-A4AD-001DDA59755E}.Debug|ARM.Build.0 = Debug|ARM
		{ECC9F67F-A5B1-4DEA-A4AD-001DDA59755E}.Debug|ARM.Deploy.0 = Debug|ARM
		{ECC9F67F-A5B1-4DEA-A4AD-001DDA59755E}.Debug|ARM64.ActiveCfg = Debug|ARM64
		{ECC9F67F-A5B1-4DEA-A4AD-001DDA59755E}.Debug|ARM64.Build.0 = Debug|ARM64
		{ECC9F67F-A5B1-4DEA-A4AD-001DDA59755E}.Debug|ARM64.Deploy.0 = Debug|ARM64
		{ECC9F67F-A5B1-4DEA-A4AD-001DDA59755E}.Debug|x64.ActiveCfg = Debug|x64
		{ECC9F67F-A5B1-4DEA-A4AD-001DDA59755E}.Debug|x64.Build.0 = Debug|x64
		{ECC9F67F-A5B1-4DEA-A4AD-001DDA59755E}.Debug|x64.Deploy.0 = Debug|x64
		{ECC9F67F-A5B1-4DEA-A4AD-001DDA59755E}.Debug|x86.ActiveCfg = Debug|Win32
		{ECC9F67F-A5B1-4DEA-A4AD-001DDA59755E}.Debug|x86.Build.0 = Debug|Win32
		{ECC9F67F-A5B1-4DEA-A4AD-001DDA59755E}.Debug|x86.Deploy.0 = Debug|Win32
		{ECC9F67F-A5B1-4DEA-A4AD-001DDA59755E}.Release|ARM.ActiveCfg = Release|ARM
		{ECC9F67F-A5B1-4DEA-A4AD-001DDA59755E}.Release|ARM.Build.0 = Release|ARM
		{ECC9F67F-A5B1-4DEA-A4AD-001DDA59755E}.Release|ARM.Deploy.0 = Release|ARM
		{ECC9F67F-A5B1-4DEA-A4AD-001DDA59755E}.Release|ARM64.ActiveCfg = Release|ARM64
		{ECC9F67F-A5B1-4DEA-A4AD-001DDA59755E}.Release|ARM64.Build.0 = Release|ARM64
		{ECC9F67F-A5B1-4DEA-A4AD-001DDA59755E}.Release|ARM64.Deploy.0 = Release|ARM64
		{ECC9F67F-A5B1-4DEA-A4AD-001DDA59755E}.Release|x64.ActiveCfg = Release|x64
		{ECC9F67F-A5B1-4DEA-A4AD-001DDA59755E}.Release|x64.Build.0 = Release|x64
		{ECC9F67F-A5B1-4DEA-A4AD-001DDA59755E}.Release|x64.Deploy.0 = Release|x64
		{ECC9F67F-A5B1-4DEA-A4AD-001DDA59755E}.Release|x86.ActiveCfg = Release|Win32
		{ECC9F67F-A5B1-4DEA-A4AD-001DDA59755E}.Release|x86.Build.0 = Release|Win32
		{ECC9F67F-A5B1-4DEA-A4AD-001DDA59755E}.Release|x86.Deploy.0 = Release|Win32
	EndGlobalSection
	GlobalSection(SolutionProperties) = preSolution
		HideSolutionNode = FALSE
	EndGlobalSection
	GlobalSection(ExtensibilityGlobals) = postSolution
		SolutionGuid = {92007FA2-A322-4540-BCDA-F3EDD8F08FFD}
	EndGlobalSection
EndGlobal
